
Microsoft Visual Studio Solution File, Format Version 12.00
# Visual Studio Version 17
VisualStudioVersion = 17.0.32126.317
MinimumVisualStudioVersion = 10.0.40219.1
Project("{FAE04EC0-301F-11D3-BF4B-00C04F79EFBC}") = "кп_с_24.02", "кп_с_24.02\кп_с_24.02.csproj", "{47A68148-5AAF-4571-A2F0-9FF0878D9320}"
EndProject
Global
	GlobalSection(SolutionConfigurationPlatforms) = preSolution
		Debug|Any CPU = Debug|Any CPU
		Release|Any CPU = Release|Any CPU
	EndGlobalSection
	GlobalSection(ProjectConfigurationPlatforms) = postSolution
		{47A68148-5AAF-4571-A2F0-9FF0878D9320}.Debug|Any CPU.ActiveCfg = Debug|Any CPU
		{47A68148-5AAF-4571-A2F0-9FF0878D9320}.Debug|Any CPU.Build.0 = Debug|Any CPU
		{47A68148-5AAF-4571-A2F0-9FF0878D9320}.Release|Any CPU.ActiveCfg = Release|Any CPU
		{47A68148-5AAF-4571-A2F0-9FF0878D9320}.Release|Any CPU.Build.0 = Release|Any CPU
	EndGlobalSection
	GlobalSection(SolutionProperties) = preSolution
		HideSolutionNode = FALSE
	EndGlobalSection
	GlobalSection(ExtensibilityGlobals) = postSolution
		SolutionGuid = {6532093B-F482-42A8-B808-1DCC1CF581AE}
	EndGlobalSection
EndGlobal
